
Microsoft Visual Studio Solution File, Format Version 12.00
# Visual Studio Version 16
VisualStudioVersion = 16.0.31220.234
MinimumVisualStudioVersion = 10.0.40219.1
Project("{FAE04EC0-301F-11D3-BF4B-00C04F79EFBC}") = "RiderDarkVSTheme", "RiderDarkVSTheme.csproj", "{6A6FF397-55E1-4846-B881-DDE4B301A622}"
EndProject
Global
	GlobalSection(SolutionConfigurationPlatforms) = preSolution
		Debug|Any CPU = Debug|Any CPU
		Release|Any CPU = Release|Any CPU
	EndGlobalSection
	GlobalSection(ProjectConfigurationPlatforms) = postSolution
		{6A6FF397-55E1-4846-B881-DDE4B301A622}.Debug|Any CPU.ActiveCfg = Debug|Any CPU
		{6A6FF397-55E1-4846-B881-DDE4B301A622}.Debug|Any CPU.Build.0 = Debug|Any CPU
		{6A6FF397-55E1-4846-B881-DDE4B301A622}.Release|Any CPU.ActiveCfg = Release|Any CPU
		{6A6FF397-55E1-4846-B881-DDE4B301A622}.Release|Any CPU.Build.0 = Release|Any CPU
	EndGlobalSection
	GlobalSection(SolutionProperties) = preSolution
		HideSolutionNode = FALSE
	EndGlobalSection
	GlobalSection(ExtensibilityGlobals) = postSolution
		SolutionGuid = {C19B09DE-5C41-4CFF-8710-B9F8E60BD537}
	EndGlobalSection
EndGlobal
